
Microsoft Visual Studio Solution File, Format Version 12.00
# Visual Studio Version 17
VisualStudioVersion = 17.3.32901.215
MinimumVisualStudioVersion = 10.0.40219.1
Project("{FAE04EC0-301F-11D3-BF4B-00C04F79EFBC}") = "Sort", "Sort\Sort.csproj", "{8E1B14BD-DE8F-4F9D-823A-0DCB358DB419}"
EndProject
Global
	GlobalSection(SolutionConfigurationPlatforms) = preSolution
		Debug|Any CPU = Debug|Any CPU
		Release|Any CPU = Release|Any CPU
	EndGlobalSection
	GlobalSection(ProjectConfigurationPlatforms) = postSolution
		{8E1B14BD-DE8F-4F9D-823A-0DCB358DB419}.Debug|Any CPU.ActiveCfg = Debug|Any CPU
		{8E1B14BD-DE8F-4F9D-823A-0DCB358DB419}.Debug|Any CPU.Build.0 = Debug|Any CPU
		{8E1B14BD-DE8F-4F9D-823A-0DCB358DB419}.Release|Any CPU.ActiveCfg = Release|Any CPU
		{8E1B14BD-DE8F-4F9D-823A-0DCB358DB419}.Release|Any CPU.Build.0 = Release|Any CPU
	EndGlobalSection
	GlobalSection(SolutionProperties) = preSolution
		HideSolutionNode = FALSE
	EndGlobalSection
	GlobalSection(ExtensibilityGlobals) = postSolution
		SolutionGuid = {17905791-B39A-4FD8-896B-B769C074EAED}
	EndGlobalSection
EndGlobal
